
Microsoft Visual Studio Solution File, Format Version 12.00
# Visual Studio Version 17
VisualStudioVersion = 17.7.34302.85
MinimumVisualStudioVersion = 10.0.40219.1
Project("{FAE04EC0-301F-11D3-BF4B-00C04F79EFBC}") = "ClassDemoDatastructuresApp", "ClassDemoDatastructuresApp\ClassDemoDatastructuresApp.csproj", "{2B12E869-9295-4BC5-9320-FCB178146100}"
EndProject
Project("{FAE04EC0-301F-11D3-BF4B-00C04F79EFBC}") = "DatastructuresLib", "DatastructuresLib\DatastructuresLib.csproj", "{EA43F95C-4877-41F2-88B6-DBD73319060B}"
EndProject
Global
	GlobalSection(SolutionConfigurationPlatforms) = preSolution
		Debug|Any CPU = Debug|Any CPU
		Release|Any CPU = Release|Any CPU
	EndGlobalSection
	GlobalSection(ProjectConfigurationPlatforms) = postSolution
		{2B12E869-9295-4BC5-9320-FCB178146100}.Debug|Any CPU.ActiveCfg = Debug|Any CPU
		{2B12E869-9295-4BC5-9320-FCB178146100}.Debug|Any CPU.Build.0 = Debug|Any CPU
		{2B12E869-9295-4BC5-9320-FCB178146100}.Release|Any CPU.ActiveCfg = Release|Any CPU
		{2B12E869-9295-4BC5-9320-FCB178146100}.Release|Any CPU.Build.0 = Release|Any CPU
		{EA43F95C-4877-41F2-88B6-DBD73319060B}.Debug|Any CPU.ActiveCfg = Debug|Any CPU
		{EA43F95C-4877-41F2-88B6-DBD73319060B}.Debug|Any CPU.Build.0 = Debug|Any CPU
		{EA43F95C-4877-41F2-88B6-DBD73319060B}.Release|Any CPU.ActiveCfg = Release|Any CPU
		{EA43F95C-4877-41F2-88B6-DBD73319060B}.Release|Any CPU.Build.0 = Release|Any CPU
	EndGlobalSection
	GlobalSection(SolutionProperties) = preSolution
		HideSolutionNode = FALSE
	EndGlobalSection
	GlobalSection(ExtensibilityGlobals) = postSolution
		SolutionGuid = {6F58D741-D376-4F8A-AC0D-53D1B6AEB6B7}
	EndGlobalSection
EndGlobal
